// !$*UTF8*$!
{
	archiveVersion = 1;
	classes = {
	};
	objectVersion = 50;
	objects = {

/* Begin PBXBuildFile section */
		FF16CF7425DC2EA600C1359F /* AppDelegate.swift in Sources */ = {isa = PBXBuildFile; fileRef = FF16CF7325DC2EA600C1359F /* AppDelegate.swift */; };
		FF16CF7625DC2EA600C1359F /* SceneDelegate.swift in Sources */ = {isa = PBXBuildFile; fileRef = FF16CF7525DC2EA600C1359F /* SceneDelegate.swift */; };
		FF16CF7B25DC2EA600C1359F /* Main.storyboard in Resources */ = {isa = PBXBuildFile; fileRef = FF16CF7925DC2EA600C1359F /* Main.storyboard */; };
		FF16CF7D25DC2EAB00C1359F /* Assets.xcassets in Resources */ = {isa = PBXBuildFile; fileRef = FF16CF7C25DC2EAB00C1359F /* Assets.xcassets */; };
		FF16CF8025DC2EAB00C1359F /* LaunchScreen.storyboard in Resources */ = {isa = PBXBuildFile; fileRef = FF16CF7E25DC2EAB00C1359F /* LaunchScreen.storyboard */; };
		FF16CF8A25DC302700C1359F /* ContactsListTableViewController.swift in Sources */ = {isa = PBXBuildFile; fileRef = FF16CF8925DC302700C1359F /* ContactsListTableViewController.swift */; };
		FF16CF8D25DC312C00C1359F /* Person.swift in Sources */ = {isa = PBXBuildFile; fileRef = FF16CF8C25DC312C00C1359F /* Person.swift */; };
		FF16CF9025DC31DE00C1359F /* DataManager.swift in Sources */ = {isa = PBXBuildFile; fileRef = FF16CF8F25DC31DD00C1359F /* DataManager.swift */; };
		FF16CF9725DD6D5300C1359F /* ContactInfoViewController.swift in Sources */ = {isa = PBXBuildFile; fileRef = FF16CF9625DD6D5300C1359F /* ContactInfoViewController.swift */; };
		FF16CF9A25DD8AEF00C1359F /* SectionsContactListTableViewController.swift in Sources */ = {isa = PBXBuildFile; fileRef = FF16CF9925DD8AEF00C1359F /* SectionsContactListTableViewController.swift */; };
/* End PBXBuildFile section */

/* Begin PBXFileReference section */
		FF16CF7025DC2EA600C1359F /* PersonsList.app */ = {isa = PBXFileReference; explicitFileType = wrapper.application; includeInIndex = 0; path = PersonsList.app; sourceTree = BUILT_PRODUCTS_DIR; };
		FF16CF7325DC2EA600C1359F /* AppDelegate.swift */ = {isa = PBXFileReference; lastKnownFileType = sourcecode.swift; path = AppDelegate.swift; sourceTree = "<group>"; };
		FF16CF7525DC2EA600C1359F /* SceneDelegate.swift */ = {isa = PBXFileReference; lastKnownFileType = sourcecode.swift; path = SceneDelegate.swift; sourceTree = "<group>"; };
		FF16CF7A25DC2EA600C1359F /* Base */ = {isa = PBXFileReference; lastKnownFileType = file.storyboard; name = Base; path = Base.lproj/Main.storyboard; sourceTree = "<group>"; };
		FF16CF7C25DC2EAB00C1359F /* Assets.xcassets */ = {isa = PBXFileReference; lastKnownFileType = folder.assetcatalog; path = Assets.xcassets; sourceTree = "<group>"; };
		FF16CF7F25DC2EAB00C1359F /* Base */ = {isa = PBXFileReference; lastKnownFileType = file.storyboard; name = Base; path = Base.lproj/LaunchScreen.storyboard; sourceTree = "<group>"; };
		FF16CF8125DC2EAB00C1359F /* Info.plist */ = {isa = PBXFileReference; lastKnownFileType = text.plist.xml; path = Info.plist; sourceTree = "<group>"; };
		FF16CF8925DC302700C1359F /* ContactsListTableViewController.swift */ = {isa = PBXFileReference; lastKnownFileType = sourcecode.swift; path = ContactsListTableViewController.swift; sourceTree = "<group>"; };
		FF16CF8C25DC312C00C1359F /* Person.swift */ = {isa = PBXFileReference; lastKnownFileType = sourcecode.swift; path = Person.swift; sourceTree = "<group>"; };
		FF16CF8F25DC31DD00C1359F /* DataManager.swift */ = {isa = PBXFileReference; lastKnownFileType = sourcecode.swift; path = DataManager.swift; sourceTree = "<group>"; };
		FF16CF9625DD6D5300C1359F /* ContactInfoViewController.swift */ = {isa = PBXFileReference; lastKnownFileType = sourcecode.swift; path = ContactInfoViewController.swift; sourceTree = "<group>"; };
		FF16CF9925DD8AEF00C1359F /* SectionsContactListTableViewController.swift */ = {isa = PBXFileReference; lastKnownFileType = sourcecode.swift; path = SectionsContactListTableViewController.swift; sourceTree = "<group>"; };
/* End PBXFileReference section */

/* Begin PBXFrameworksBuildPhase section */
		FF16CF6D25DC2EA600C1359F /* Frameworks */ = {
			isa = PBXFrameworksBuildPhase;
			buildActionMask = 2147483647;
			files = (
			);
			runOnlyForDeploymentPostprocessing = 0;
		};
/* End PBXFrameworksBuildPhase section */

/* Begin PBXGroup section */
		FF16CF6725DC2EA600C1359F = {
			isa = PBXGroup;
			children = (
				FF16CF7225DC2EA600C1359F /* PersonsList */,
				FF16CF7125DC2EA600C1359F /* Products */,
			);
			sourceTree = "<group>";
		};
		FF16CF7125DC2EA600C1359F /* Products */ = {
			isa = PBXGroup;
			children = (
				FF16CF7025DC2EA600C1359F /* PersonsList.app */,
			);
			name = Products;
			sourceTree = "<group>";
		};
		FF16CF7225DC2EA600C1359F /* PersonsList */ = {
			isa = PBXGroup;
			children = (
				FF16CF7325DC2EA600C1359F /* AppDelegate.swift */,
				FF16CF7525DC2EA600C1359F /* SceneDelegate.swift */,
				FF16CF7925DC2EA600C1359F /* Main.storyboard */,
				FF16CF9925DD8AEF00C1359F /* SectionsContactListTableViewController.swift */,
				FF16CF9625DD6D5300C1359F /* ContactInfoViewController.swift */,
				FF16CF8925DC302700C1359F /* ContactsListTableViewController.swift */,
				FF16CF8C25DC312C00C1359F /* Person.swift */,
				FF16CF8F25DC31DD00C1359F /* DataManager.swift */,
				FF16CF7C25DC2EAB00C1359F /* Assets.xcassets */,
				FF16CF7E25DC2EAB00C1359F /* LaunchScreen.storyboard */,
				FF16CF8125DC2EAB00C1359F /* Info.plist */,
			);
			path = PersonsList;
			sourceTree = "<group>";
		};
/* End PBXGroup section */

/* Begin PBXNativeTarget section */
		FF16CF6F25DC2EA600C1359F /* PersonsList */ = {
			isa = PBXNativeTarget;
			buildConfigurationList = FF16CF8425DC2EAB00C1359F /* Build configuration list for PBXNativeTarget "PersonsList" */;
			buildPhases = (
				FF16CF6C25DC2EA600C1359F /* Sources */,
				FF16CF6D25DC2EA600C1359F /* Frameworks */,
				FF16CF6E25DC2EA600C1359F /* Resources */,
			);
			buildRules = (
			);
			dependencies = (
			);
			name = PersonsList;
			productName = PersonsList;
			productReference = FF16CF7025DC2EA600C1359F /* PersonsList.app */;
			productType = "com.apple.product-type.application";
		};
/* End PBXNativeTarget section */

/* Begin PBXProject section */
		FF16CF6825DC2EA600C1359F /* Project object */ = {
			isa = PBXProject;
			attributes = {
				LastSwiftUpdateCheck = 1240;
				LastUpgradeCheck = 1240;
				TargetAttributes = {
					FF16CF6F25DC2EA600C1359F = {
						CreatedOnToolsVersion = 12.4;
					};
				};
			};
			buildConfigurationList = FF16CF6B25DC2EA600C1359F /* Build configuration list for PBXProject "PersonsList" */;
			compatibilityVersion = "Xcode 9.3";
			developmentRegion = en;
			hasScannedForEncodings = 0;
			knownRegions = (
				en,
				Base,
			);
			mainGroup = FF16CF6725DC2EA600C1359F;
			productRefGroup = FF16CF7125DC2EA600C1359F /* Products */;
			projectDirPath = "";
			projectRoot = "";
			targets = (
				FF16CF6F25DC2EA600C1359F /* PersonsList */,
			);
		};
/* End PBXProject section */

/* Begin PBXResourcesBuildPhase section */
		FF16CF6E25DC2EA600C1359F /* Resources */ = {
			isa = PBXResourcesBuildPhase;
			buildActionMask = 2147483647;
			files = (
				FF16CF8025DC2EAB00C1359F /* LaunchScreen.storyboard in Resources */,
				FF16CF7D25DC2EAB00C1359F /* Assets.xcassets in Resources */,
				FF16CF7B25DC2EA600C1359F /* Main.storyboard in Resources */,
			);
			runOnlyForDeploymentPostprocessing = 0;
		};
/* End PBXResourcesBuildPhase section */

/* Begin PBXSourcesBuildPhase section */
		FF16CF6C25DC2EA600C1359F /* Sources */ = {
			isa = PBXSourcesBuildPhase;
			buildActionMask = 2147483647;
			files = (
				FF16CF7425DC2EA600C1359F /* AppDelegate.swift in Sources */,
				FF16CF9025DC31DE00C1359F /* DataManager.swift in Sources */,
				FF16CF8A25DC302700C1359F /* ContactsListTableViewController.swift in Sources */,
				FF16CF8D25DC312C00C1359F /* Person.swift in Sources */,
				FF16CF9A25DD8AEF00C1359F /* SectionsContactListTableViewController.swift in Sources */,
				FF16CF7625DC2EA600C1359F /* SceneDelegate.swift in Sources */,
				FF16CF9725DD6D5300C1359F /* ContactInfoViewController.swift in Sources */,
			);
			runOnlyForDeploymentPostprocessing = 0;
		};
/* End PBXSourcesBuildPhase section */

/* Begin PBXVariantGroup section */
		FF16CF7925DC2EA600C1359F /* Main.storyboard */ = {
			isa = PBXVariantGroup;
			children = (
				FF16CF7A25DC2EA600C1359F /* Base */,
			);
			name = Main.storyboard;
			sourceTree = "<group>";
		};
		FF16CF7E25DC2EAB00C1359F /* LaunchScreen.storyboard */ = {
			isa = PBXVariantGroup;
			children = (
				FF16CF7F25DC2EAB00C1359F /* Base */,
			);
			name = LaunchScreen.storyboard;
			sourceTree = "<group>";
		};
/* End PBXVariantGroup section */

/* Begin XCBuildConfiguration section */
		FF16CF8225DC2EAB00C1359F /* Debug */ = {
			isa = XCBuildConfiguration;
			buildSettings = {
				ALWAYS_SEARCH_USER_PATHS = NO;
				CLANG_ANALYZER_NONNULL = YES;
				CLANG_ANALYZER_NUMBER_OBJECT_CONVERSION = YES_AGGRESSIVE;
				CLANG_CXX_LANGUAGE_STANDARD = "gnu++14";
				CLANG_CXX_LIBRARY = "libc++";
				CLANG_ENABLE_MODULES = YES;
				CLANG_ENABLE_OBJC_ARC = YES;
				CLANG_ENABLE_OBJC_WEAK = YES;
				CLANG_WARN_BLOCK_CAPTURE_AUTORELEASING = YES;
				CLANG_WARN_BOOL_CONVERSION = YES;
				CLANG_WARN_COMMA = YES;
				CLANG_WARN_CONSTANT_CONVERSION = YES;
				CLANG_WARN_DEPRECATED_OBJC_IMPLEMENTATIONS = YES;
				CLANG_WARN_DIRECT_OBJC_ISA_USAGE = YES_ERROR;
				CLANG_WARN_DOCUMENTATION_COMMENTS = YES;
				CLANG_WARN_EMPTY_BODY = YES;
				CLANG_WARN_ENUM_CONVERSION = YES;
				CLANG_WARN_INFINITE_RECURSION = YES;
				CLANG_WARN_INT_CONVERSION = YES;
				CLANG_WARN_NON_LITERAL_NULL_CONVERSION = YES;
				CLANG_WARN_OBJC_IMPLICIT_RETAIN_SELF = YES;
				CLANG_WARN_OBJC_LITERAL_CONVERSION = YES;
				CLANG_WARN_OBJC_ROOT_CLASS = YES_ERROR;
				CLANG_WARN_QUOTED_INCLUDE_IN_FRAMEWORK_HEADER = YES;
				CLANG_WARN_RANGE_LOOP_ANALYSIS = YES;
				CLANG_WARN_STRICT_PROTOTYPES = YES;
				CLANG_WARN_SUSPICIOUS_MOVE = YES;
				CLANG_WARN_UNGUARDED_AVAILABILITY = YES_AGGRESSIVE;
				CLANG_WARN_UNREACHABLE_CODE = YES;
				CLANG_WARN__DUPLICATE_METHOD_MATCH = YES;
				COPY_PHASE_STRIP = NO;
				DEBUG_INFORMATION_FORMAT = dwarf;
				ENABLE_STRICT_OBJC_MSGSEND = YES;
				ENABLE_TESTABILITY = YES;
				GCC_C_LANGUAGE_STANDARD = gnu11;
				GCC_DYNAMIC_NO_PIC = NO;
				GCC_NO_COMMON_BLOCKS = YES;
				GCC_OPTIMIZATION_LEVEL = 0;
				GCC_PREPROCESSOR_DEFINITIONS = (
					"DEBUG=1",
					"$(inherited)",
				);
				GCC_WARN_64_TO_32_BIT_CONVERSION = YES;
				GCC_WARN_ABOUT_RETURN_TYPE = YES_ERROR;
				GCC_WARN_UNDECLARED_SELECTOR = YES;
				GCC_WARN_UNINITIALIZED_AUTOS = YES_AGGRESSIVE;
				GCC_WARN_UNUSED_FUNCTION = YES;
				GCC_WARN_UNUSED_VARIABLE = YES;
				IPHONEOS_DEPLOYMENT_TARGET = 14.4;
				MTL_ENABLE_DEBUG_INFO = INCLUDE_SOURCE;
				MTL_FAST_MATH = YES;
				ONLY_ACTIVE_ARCH = YES;
				SDKROOT = iphoneos;
				SWIFT_ACTIVE_COMPILATION_CONDITIONS = DEBUG;
				SWIFT_OPTIMIZATION_LEVEL = "-Onone";
			};
			name = Debug;
		};
		FF16CF8325DC2EAB00C1359F /* Release */ = {
			isa = XCBuildConfiguration;
			buildSettings = {
				ALWAYS_SEARCH_USER_PATHS = NO;
				CLANG_ANALYZER_NONNULL = YES;
				CLANG_ANALYZER_NUMBER_OBJECT_CONVERSION = YES_AGGRESSIVE;
				CLANG_CXX_LANGUAGE_STANDARD = "gnu++14";
				CLANG_CXX_LIBRARY = "libc++";
				CLANG_ENABLE_MODULES = YES;
				CLANG_ENABLE_OBJC_ARC = YES;
				CLANG_ENABLE_OBJC_WEAK = YES;
				CLANG_WARN_BLOCK_CAPTURE_AUTORELEASING = YES;
				CLANG_WARN_BOOL_CONVERSION = YES;
				CLANG_WARN_COMMA = YES;
				CLANG_WARN_CONSTANT_CONVERSION = YES;
				CLANG_WARN_DEPRECATED_OBJC_IMPLEMENTATIONS = YES;
				CLANG_WARN_DIRECT_OBJC_ISA_USAGE = YES_ERROR;
				CLANG_WARN_DOCUMENTATION_COMMENTS = YES;
				CLANG_WARN_EMPTY_BODY = YES;
				CLANG_WARN_ENUM_CONVERSION = YES;
				CLANG_WARN_INFINITE_RECURSION = YES;
				CLANG_WARN_INT_CONVERSION = YES;
				CLANG_WARN_NON_LITERAL_NULL_CONVERSION = YES;
				CLANG_WARN_OBJC_IMPLICIT_RETAIN_SELF = YES;
				CLANG_WARN_OBJC_LITERAL_CONVERSION = YES;
				CLANG_WARN_OBJC_ROOT_CLASS = YES_ERROR;
				CLANG_WARN_QUOTED_INCLUDE_IN_FRAMEWORK_HEADER = YES;
				CLANG_WARN_RANGE_LOOP_ANALYSIS = YES;
				CLANG_WARN_STRICT_PROTOTYPES = YES;
				CLANG_WARN_SUSPICIOUS_MOVE = YES;
				CLANG_WARN_UNGUARDED_AVAILABILITY = YES_AGGRESSIVE;
				CLANG_WARN_UNREACHABLE_CODE = YES;
				CLANG_WARN__DUPLICATE_METHOD_MATCH = YES;
				COPY_PHASE_STRIP = NO;
				DEBUG_INFORMATION_FORMAT = "dwarf-with-dsym";
				ENABLE_NS_ASSERTIONS = NO;
				ENABLE_STRICT_OBJC_MSGSEND = YES;
				GCC_C_LANGUAGE_STANDARD = gnu11;
				GCC_NO_COMMON_BLOCKS = YES;
				GCC_WARN_64_TO_32_BIT_CONVERSION = YES;
				GCC_WARN_ABOUT_RETURN_TYPE = YES_ERROR;
				GCC_WARN_UNDECLARED_SELECTOR = YES;
				GCC_WARN_UNINITIALIZED_AUTOS = YES_AGGRESSIVE;
				GCC_WARN_UNUSED_FUNCTION = YES;
				GCC_WARN_UNUSED_VARIABLE = YES;
				IPHONEOS_DEPLOYMENT_TARGET = 14.4;
				MTL_ENABLE_DEBUG_INFO = NO;
				MTL_FAST_MATH = YES;
				SDKROOT = iphoneos;
				SWIFT_COMPILATION_MODE = wholemodule;
				SWIFT_OPTIMIZATION_LEVEL = "-O";
				VALIDATE_PRODUCT = YES;
			};
			name = Release;
		};
		FF16CF8525DC2EAB00C1359F /* Debug */ = {
			isa = XCBuildConfiguration;
			buildSettings = {
				ASSETCATALOG_COMPILER_APPICON_NAME = AppIcon;
				ASSETCATALOG_COMPILER_GLOBAL_ACCENT_COLOR_NAME = AccentColor;
				CODE_SIGN_STYLE = Automatic;
				DEVELOPMENT_TEAM = QZLVH79HKK;
				INFOPLIST_FILE = PersonsList/Info.plist;
				LD_RUNPATH_SEARCH_PATHS = (
					"$(inherited)",
					"@executable_path/Frameworks",
				);
				PRODUCT_BUNDLE_IDENTIFIER = "Svetlana-Romanenko.PersonsList";
				PRODUCT_NAME = "$(TARGET_NAME)";
				SWIFT_VERSION = 5.0;
				TARGETED_DEVICE_FAMILY = "1,2";
			};
			name = Debug;
		};
		FF16CF8625DC2EAB00C1359F /* Release */ = {
			isa = XCBuildConfiguration;
			buildSettings = {
				ASSETCATALOG_COMPILER_APPICON_NAME = AppIcon;
				ASSETCATALOG_COMPILER_GLOBAL_ACCENT_COLOR_NAME = AccentColor;
				CODE_SIGN_STYLE = Automatic;
				DEVELOPMENT_TEAM = QZLVH79HKK;
				INFOPLIST_FILE = PersonsList/Info.plist;
				LD_RUNPATH_SEARCH_PATHS = (
					"$(inherited)",
					"@executable_path/Frameworks",
				);
				PRODUCT_BUNDLE_IDENTIFIER = "Svetlana-Romanenko.PersonsList";
				PRODUCT_NAME = "$(TARGET_NAME)";
				SWIFT_VERSION = 5.0;
				TARGETED_DEVICE_FAMILY = "1,2";
			};
			name = Release;
		};
/* End XCBuildConfiguration section */

/* Begin XCConfigurationList section */
		FF16CF6B25DC2EA600C1359F /* Build configuration list for PBXProject "PersonsList" */ = {
			isa = XCConfigurationList;
			buildConfigurations = (
				FF16CF8225DC2EAB00C1359F /* Debug */,
				FF16CF8325DC2EAB00C1359F /* Release */,
			);
			defaultConfigurationIsVisible = 0;
			defaultConfigurationName = Release;
		};
		FF16CF8425DC2EAB00C1359F /* Build configuration list for PBXNativeTarget "PersonsList" */ = {
			isa = XCConfigurationList;
			buildConfigurations = (
				FF16CF8525DC2EAB00C1359F /* Debug */,
				FF16CF8625DC2EAB00C1359F /* Release */,
			);
			defaultConfigurationIsVisible = 0;
			defaultConfigurationName = Release;
		};
/* End XCConfigurationList section */
	};
	rootObject = FF16CF6825DC2EA600C1359F /* Project object */;
}
